PODS:
  - CommonCryptoModule (1.0.2)
  - SwiftLint (0.25.1)
  - WolfCore (2.2.4):
    - CommonCryptoModule
    - SwiftLint
  - WolfPowerViews (0.2.1):
    - SwiftLint
    - WolfCore (~> 2.2)

DEPENDENCIES:
  - WolfPowerViews (from `../`)

SPEC REPOS:
  https://github.com/CocoaPods/Specs.git:
    - CommonCryptoModule
    - SwiftLint
    - WolfCore

EXTERNAL SOURCES:
  WolfPowerViews:
    :path: "../"

SPEC CHECKSUMS:
  CommonCryptoModule: 63a68b57abed79655b3a01011419bf037a05b0a0
  SwiftLint: ce933681be10c3266e82576dad676fa815a602e9
  WolfCore: 20bfaa428ca9e53e4c353804433dfe6f6ee0c4c5
  WolfPowerViews: e19bbc4720bd44fef81e4d2d6d1c8a59dcba124f

PODFILE CHECKSUM: c6d7e2665baf6af48328268a554518597c525f1e

COCOAPODS: 1.5.0
